
Microsoft Visual Studio Solution File, Format Version 11.00
# Visual C# Express 2010
Project("{FAE04EC0-301F-11D3-BF4B-00C04F79EFBC}") = "MataliPhysicsDemo", "MataliPhysicsDemo\MataliPhysicsDemo.csproj", "{F3A62D8D-0C19-4362-A02E-C40CBDAB6B73}"
EndProject
Global
	GlobalSection(SolutionConfigurationPlatforms) = preSolution
		Debug|Any CPU = Debug|Any CPU
		Release|Any CPU = Release|Any CPU
	EndGlobalSection
	GlobalSection(ProjectConfigurationPlatforms) = postSolution
		{F3A62D8D-0C19-4362-A02E-C40CBDAB6B73}.Debug|Any CPU.ActiveCfg = Debug|Any CPU
		{F3A62D8D-0C19-4362-A02E-C40CBDAB6B73}.Debug|Any CPU.Build.0 = Debug|Any CPU
		{F3A62D8D-0C19-4362-A02E-C40CBDAB6B73}.Release|Any CPU.ActiveCfg = Release|Any CPU
		{F3A62D8D-0C19-4362-A02E-C40CBDAB6B73}.Release|Any CPU.Build.0 = Release|Any CPU
	EndGlobalSection
	GlobalSection(SolutionProperties) = preSolution
		HideSolutionNode = FALSE
	EndGlobalSection
EndGlobal
